
Microsoft Visual Studio Solution File, Format Version 12.00
# Visual Studio Version 16
VisualStudioVersion = 16.0.29728.190
MinimumVisualStudioVersion = 10.0.40219.1
Project("{FAE04EC0-301F-11D3-BF4B-00C04F79EFBC}") = "CountryInfo", "CountryInfo\CountryInfo.csproj", "{8A8BD2F0-2FBC-4439-B36D-026BB48F8B8A}"
EndProject
Project("{00D1A9C2-B5F0-4AF3-8072-F6C62B433612}") = "Country", "Country\Country.sqlproj", "{CEF80DB8-1BD6-48C5-95E8-D387147DFEF3}"
EndProject
Project("{2150E333-8FDC-42A3-9474-1A3956D46DE8}") = "Solution Items", "Solution Items", "{D31C2B62-E808-490E-A70F-F0B4C5946C84}"
	ProjectSection(SolutionItems) = preProject
		CountryInfo\ConnectionString.txt = CountryInfo\ConnectionString.txt
		CountryInfo\ConnectionString1.txt = CountryInfo\ConnectionString1.txt
	EndProjectSection
EndProject
Global
	GlobalSection(SolutionConfigurationPlatforms) = preSolution
		Debug|Any CPU = Debug|Any CPU
		Release|Any CPU = Release|Any CPU
	EndGlobalSection
	GlobalSection(ProjectConfigurationPlatforms) = postSolution
		{8A8BD2F0-2FBC-4439-B36D-026BB48F8B8A}.Debug|Any CPU.ActiveCfg = Debug|Any CPU
		{8A8BD2F0-2FBC-4439-B36D-026BB48F8B8A}.Debug|Any CPU.Build.0 = Debug|Any CPU
		{8A8BD2F0-2FBC-4439-B36D-026BB48F8B8A}.Release|Any CPU.ActiveCfg = Release|Any CPU
		{8A8BD2F0-2FBC-4439-B36D-026BB48F8B8A}.Release|Any CPU.Build.0 = Release|Any CPU
		{CEF80DB8-1BD6-48C5-95E8-D387147DFEF3}.Debug|Any CPU.ActiveCfg = Debug|Any CPU
		{CEF80DB8-1BD6-48C5-95E8-D387147DFEF3}.Debug|Any CPU.Build.0 = Debug|Any CPU
		{CEF80DB8-1BD6-48C5-95E8-D387147DFEF3}.Debug|Any CPU.Deploy.0 = Debug|Any CPU
		{CEF80DB8-1BD6-48C5-95E8-D387147DFEF3}.Release|Any CPU.ActiveCfg = Release|Any CPU
		{CEF80DB8-1BD6-48C5-95E8-D387147DFEF3}.Release|Any CPU.Build.0 = Release|Any CPU
		{CEF80DB8-1BD6-48C5-95E8-D387147DFEF3}.Release|Any CPU.Deploy.0 = Release|Any CPU
	EndGlobalSection
	GlobalSection(SolutionProperties) = preSolution
		HideSolutionNode = FALSE
	EndGlobalSection
	GlobalSection(ExtensibilityGlobals) = postSolution
		SolutionGuid = {769D98D0-CFFC-4ABF-A29F-C4360F9735B5}
	EndGlobalSection
EndGlobal
